
Microsoft Visual Studio Solution File, Format Version 12.00
# Visual Studio Version 16
VisualStudioVersion = 16.0.30114.105
MinimumVisualStudioVersion = 10.0.40219.1
Project("{FAE04EC0-301F-11D3-BF4B-00C04F79EFBC}") = "VM", "VM\VM.csproj", "{23131F83-57F4-4797-B2D0-CA93CC85CD45}"
EndProject
Project("{2150E333-8FDC-42A3-9474-1A3956D46DE8}") = "Examples", "Examples", "{E51DDF88-3C3B-42D9-A838-1B1C4FAC127A}"
EndProject
Project("{FAE04EC0-301F-11D3-BF4B-00C04F79EFBC}") = "benchmark", "Examples\Benchmark\benchmark.csproj", "{6109BB30-27C7-446B-BD23-50F1BBF47A54}"
EndProject
Project("{FAE04EC0-301F-11D3-BF4B-00C04F79EFBC}") = "standardLibrary", "Examples\StandardLibraryTest\standardLibrary.csproj", "{31FB5242-E4EB-45B1-A863-5C4A88620CC2}"
EndProject
Project("{FAE04EC0-301F-11D3-BF4B-00C04F79EFBC}") = "perfTest", "Examples\PerfTest\perfTest.csproj", "{3BCCFB9A-C559-4871-942F-C4B90C94A767}"
EndProject
Project("{FAE04EC0-301F-11D3-BF4B-00C04F79EFBC}") = "dialogueTree", "Examples\DialogueTree\dialogueTree.csproj", "{4C4E448F-888C-4CD4-BEA6-C15A44E987C7}"
EndProject
Project("{FAE04EC0-301F-11D3-BF4B-00C04F79EFBC}") = "testProgram", "Examples\TestProgram\testProgram.csproj", "{5257AAAA-5667-47A8-A7F2-28AE5F7EDA99}"
EndProject
Global
	GlobalSection(SolutionConfigurationPlatforms) = preSolution
		Debug|Any CPU = Debug|Any CPU
		Release|Any CPU = Release|Any CPU
	EndGlobalSection
	GlobalSection(SolutionProperties) = preSolution
		HideSolutionNode = FALSE
	EndGlobalSection
	GlobalSection(ProjectConfigurationPlatforms) = postSolution
		{23131F83-57F4-4797-B2D0-CA93CC85CD45}.Debug|Any CPU.ActiveCfg = Debug|Any CPU
		{23131F83-57F4-4797-B2D0-CA93CC85CD45}.Debug|Any CPU.Build.0 = Debug|Any CPU
		{23131F83-57F4-4797-B2D0-CA93CC85CD45}.Release|Any CPU.ActiveCfg = Release|Any CPU
		{23131F83-57F4-4797-B2D0-CA93CC85CD45}.Release|Any CPU.Build.0 = Release|Any CPU
		{6109BB30-27C7-446B-BD23-50F1BBF47A54}.Debug|Any CPU.ActiveCfg = Debug|Any CPU
		{6109BB30-27C7-446B-BD23-50F1BBF47A54}.Debug|Any CPU.Build.0 = Debug|Any CPU
		{6109BB30-27C7-446B-BD23-50F1BBF47A54}.Release|Any CPU.ActiveCfg = Release|Any CPU
		{6109BB30-27C7-446B-BD23-50F1BBF47A54}.Release|Any CPU.Build.0 = Release|Any CPU
		{31FB5242-E4EB-45B1-A863-5C4A88620CC2}.Debug|Any CPU.ActiveCfg = Debug|Any CPU
		{31FB5242-E4EB-45B1-A863-5C4A88620CC2}.Debug|Any CPU.Build.0 = Debug|Any CPU
		{31FB5242-E4EB-45B1-A863-5C4A88620CC2}.Release|Any CPU.ActiveCfg = Release|Any CPU
		{31FB5242-E4EB-45B1-A863-5C4A88620CC2}.Release|Any CPU.Build.0 = Release|Any CPU
		{3BCCFB9A-C559-4871-942F-C4B90C94A767}.Debug|Any CPU.ActiveCfg = Debug|Any CPU
		{3BCCFB9A-C559-4871-942F-C4B90C94A767}.Debug|Any CPU.Build.0 = Debug|Any CPU
		{3BCCFB9A-C559-4871-942F-C4B90C94A767}.Release|Any CPU.ActiveCfg = Release|Any CPU
		{3BCCFB9A-C559-4871-942F-C4B90C94A767}.Release|Any CPU.Build.0 = Release|Any CPU
		{4C4E448F-888C-4CD4-BEA6-C15A44E987C7}.Debug|Any CPU.ActiveCfg = Debug|Any CPU
		{4C4E448F-888C-4CD4-BEA6-C15A44E987C7}.Debug|Any CPU.Build.0 = Debug|Any CPU
		{4C4E448F-888C-4CD4-BEA6-C15A44E987C7}.Release|Any CPU.ActiveCfg = Release|Any CPU
		{4C4E448F-888C-4CD4-BEA6-C15A44E987C7}.Release|Any CPU.Build.0 = Release|Any CPU
		{5257AAAA-5667-47A8-A7F2-28AE5F7EDA99}.Debug|Any CPU.ActiveCfg = Debug|Any CPU
		{5257AAAA-5667-47A8-A7F2-28AE5F7EDA99}.Debug|Any CPU.Build.0 = Debug|Any CPU
		{5257AAAA-5667-47A8-A7F2-28AE5F7EDA99}.Release|Any CPU.ActiveCfg = Release|Any CPU
		{5257AAAA-5667-47A8-A7F2-28AE5F7EDA99}.Release|Any CPU.Build.0 = Release|Any CPU
	EndGlobalSection
	GlobalSection(NestedProjects) = preSolution
		{6109BB30-27C7-446B-BD23-50F1BBF47A54} = {E51DDF88-3C3B-42D9-A838-1B1C4FAC127A}
		{31FB5242-E4EB-45B1-A863-5C4A88620CC2} = {E51DDF88-3C3B-42D9-A838-1B1C4FAC127A}
		{3BCCFB9A-C559-4871-942F-C4B90C94A767} = {E51DDF88-3C3B-42D9-A838-1B1C4FAC127A}
		{4C4E448F-888C-4CD4-BEA6-C15A44E987C7} = {E51DDF88-3C3B-42D9-A838-1B1C4FAC127A}
		{5257AAAA-5667-47A8-A7F2-28AE5F7EDA99} = {E51DDF88-3C3B-42D9-A838-1B1C4FAC127A}
	EndGlobalSection
EndGlobal
